
Microsoft Visual Studio Solution File, Format Version 12.00
# Visual Studio 15
Project("{FAE04EC0-301F-11D3-BF4B-00C04F79EFBC}") = "Assembly-CSharp", "Assembly-CSharp.csproj", "{4E6C69CB-4B96-A08E-A593-436EFE2B5D8E}"
EndProject
Project("{FAE04EC0-301F-11D3-BF4B-00C04F79EFBC}") = "Assembly-CSharp-Editor", "Assembly-CSharp-Editor.csproj", "{B13CD495-54FF-1661-BF0D-2A2655D9963B}"
EndProject
Global
	GlobalSection(SolutionConfigurationPlatforms) = preSolution
		Debug|Any CPU = Debug|Any CPU
		Release|Any CPU = Release|Any CPU
	EndGlobalSection
	GlobalSection(ProjectConfigurationPlatforms) = postSolution
		{4E6C69CB-4B96-A08E-A593-436EFE2B5D8E}.Debug|Any CPU.ActiveCfg = Debug|Any CPU
		{4E6C69CB-4B96-A08E-A593-436EFE2B5D8E}.Debug|Any CPU.Build.0 = Debug|Any CPU
		{4E6C69CB-4B96-A08E-A593-436EFE2B5D8E}.Release|Any CPU.ActiveCfg = Release|Any CPU
		{4E6C69CB-4B96-A08E-A593-436EFE2B5D8E}.Release|Any CPU.Build.0 = Release|Any CPU
		{B13CD495-54FF-1661-BF0D-2A2655D9963B}.Debug|Any CPU.ActiveCfg = Debug|Any CPU
		{B13CD495-54FF-1661-BF0D-2A2655D9963B}.Debug|Any CPU.Build.0 = Debug|Any CPU
		{B13CD495-54FF-1661-BF0D-2A2655D9963B}.Release|Any CPU.ActiveCfg = Release|Any CPU
		{B13CD495-54FF-1661-BF0D-2A2655D9963B}.Release|Any CPU.Build.0 = Release|Any CPU
	EndGlobalSection
	GlobalSection(SolutionProperties) = preSolution
		HideSolutionNode = FALSE
	EndGlobalSection
EndGlobal
